<?xml version="1.0" encoding="UTF-8" standalone="yes" ?>
<CodeBlocks_project_file>
	<FileVersion major="1" minor="6" />
	<Project>
		<Option title="DSM_f90" />
		<Option pch_mode="2" />
		<Option compiler="gfortran" />
		<Build>
			<Target title="Debug">
				<Option output="bin/Debug/DSM_f90" prefix_auto="1" extension_auto="1" />
				<Option object_output="obj/Debug/" />
				<Option type="1" />
				<Option compiler="gfortran" />
				<Compiler>
					<Add option="-g" />
				</Compiler>
			</Target>
			<Target title="Release">
				<Option output="bin/Release/DSM_f90" prefix_auto="1" extension_auto="1" />
				<Option object_output="obj/Release/" />
				<Option type="1" />
				<Option compiler="gfortran" />
				<Compiler>
					<Add option="-O2" />
				</Compiler>
				<Linker>
					<Add option="-s" />
				</Linker>
			</Target>
		</Build>
		<Compiler>
			<Add option="-Wall" />
		</Compiler>
		<Unit filename="MTNUCL.DAT" />
		<Unit filename="MTPSAT.DAT" />
		<Unit filename="MTRXN.DAT" />
		<Unit filename="OUTPTF.DAT" />
		<Unit filename="SYSOPH.DAT" />
		<Unit filename="TMPHIST.DAT" />
		<Unit filename="aux_data_funcs.f90">
			<Option weight="2" />
		</Unit>
		<Unit filename="calbeta_common.f90">
			<Option weight="2" />
		</Unit>
		<Unit filename="calbeta_mod.f90">
			<Option weight="5" />
		</Unit>
		<Unit filename="concf.dat" />
		<Unit filename="discsecpb.f90">
			<Option weight="6" />
		</Unit>
		<Unit filename="dtwodq_mod.f90">
			<Option weight="1" />
		</Unit>
		<Unit filename="funcs.f90">
			<Option weight="3" />
		</Unit>
		<Unit filename="globals.f90">
			<Option weight="1" />
		</Unit>
		<Unit filename="ot_mod.f90">
			<Option weight="2" />
		</Unit>
		<Unit filename="output.dat" />
		<Unit filename="preci.f90">
			<Option weight="0" />
		</Unit>
		<Unit filename="quad_glegq.f90">
			<Option weight="4" />
		</Unit>
		<Unit filename="rk45_init0.f90">
			<Option weight="4" />
		</Unit>
		<Unit filename="sdf.dat" />
		<Unit filename="selpre.dat" />
		<Unit filename="xdoteq_mod.f90">
			<Option weight="3" />
		</Unit>
		<Extensions>
			<code_completion />
			<envvars />
			<debugger />
			<lib_finder disable_auto="1" />
		</Extensions>
	</Project>
</CodeBlocks_project_file>
